{
    "_readme": [
        "This file locks the dependencies of your project to a known state",
        "Read more about it at https://getcomposer.org/doc/01-basic-usage.md#installing-dependencies",
        "This file is @generated automatically"
    ],
    "content-hash": "289f0e9786ad7c4cff40f6ccc20dcc2a",
    "packages": [],
    "packages-dev": [
        {
            "name": "jetbrains/phpstorm-stubs",
            "version": "v2026.2",
            "source": {
                "type": "git",
                "url": "https://github.com/JetBrains/phpstorm-stubs",
                "reference": "709e512210784a7c0a677b3a89d35def844a59b9"
            },
            "dist": {
                "type": "zip",
                "url": "https://api.github.com/repos/JetBrains/phpstorm-stubs/zipball/709e512210784a7c0a677b3a89d35def844a59b9",
                "reference": "709e512210784a7c0a677b3a89d35def844a59b9",
                "shasum": ""
            },
            "require-dev": {
                "friendsofphp/php-cs-fixer": "^v3.86",
                "nikic/php-parser": "^v5.6",
                "phpdocumentor/reflection-docblock": "^5.6",
                "phpunit/phpunit": "^12.3"
            },
            "type": "library",
            "autoload": {
                "files": [
                    "PhpStormStubsMap.php"
                ]
            },
            "notification-url": "https://packagist.org/downloads/",
            "license": [
                "Apache-2.0"
            ],
            "description": "PHP runtime & extensions header files for PhpStorm",
            "homepage": "https://www.jetbrains.com/phpstorm",
            "keywords": [
                "autocomplete",
                "code",
                "inference",
                "inspection",
                "jetbrains",
                "phpstorm",
                "stubs",
                "type"
            ],
            "time": "2026-06-12T13:19:10+00:00"
        }
    ],
    "aliases": [],
    "minimum-stability": "stable",
    "stability-flags": {},
    "prefer-stable": false,
    "prefer-lowest": false,
    "platform": {
        "ext-imagick": "*"
    },
    "platform-dev": {},
    "plugin-api-version": "2.6.0"
}
